
Microsoft Visual Studio Solution File, Format Version 12.00
# Visual Studio Version 17
VisualStudioVersion = 17.3.32811.315
MinimumVisualStudioVersion = 10.0.40219.1
Project("{FAE04EC0-301F-11D3-BF4B-00C04F79EFBC}") = "DataStructureAlgorithm", "DataStructureAlgorithm.csproj", "{356C63A9-5951-4655-BB9D-8C986FBF74E6}"
EndProject
Global
	GlobalSection(SolutionConfigurationPlatforms) = preSolution
		Debug|Any CPU = Debug|Any CPU
		Release|Any CPU = Release|Any CPU
	EndGlobalSection
	GlobalSection(ProjectConfigurationPlatforms) = postSolution
		{356C63A9-5951-4655-BB9D-8C986FBF74E6}.Debug|Any CPU.ActiveCfg = Debug|Any CPU
		{356C63A9-5951-4655-BB9D-8C986FBF74E6}.Debug|Any CPU.Build.0 = Debug|Any CPU
		{356C63A9-5951-4655-BB9D-8C986FBF74E6}.Release|Any CPU.ActiveCfg = Release|Any CPU
		{356C63A9-5951-4655-BB9D-8C986FBF74E6}.Release|Any CPU.Build.0 = Release|Any CPU
	EndGlobalSection
	GlobalSection(SolutionProperties) = preSolution
		HideSolutionNode = FALSE
	EndGlobalSection
	GlobalSection(ExtensibilityGlobals) = postSolution
		SolutionGuid = {369E91FB-A41C-48FA-B13E-0698FBD154E3}
	EndGlobalSection
EndGlobal
